// !$*UTF8*$!
{
	archiveVersion = 1;
	classes = {
	};
	objectVersion = 55;
	objects = {

/* Begin PBXBuildFile section */
		316B47EC275EF348000AEB4C /* Item.swift in Sources */ = {isa = PBXBuildFile; fileRef = 316B47EB275EF348000AEB4C /* Item.swift */; };
		316B47EE275EF45A000AEB4C /* ItemList.swift in Sources */ = {isa = PBXBuildFile; fileRef = 316B47ED275EF45A000AEB4C /* ItemList.swift */; };
		316B47F0275EFA03000AEB4C /* AddItemTableViewController.swift in Sources */ = {isa = PBXBuildFile; fileRef = 316B47EF275EFA03000AEB4C /* AddItemTableViewController.swift */; };
		316B47F2275F0B2A000AEB4C /* AddOrderItemViewController.swift in Sources */ = {isa = PBXBuildFile; fileRef = 316B47F1275F0B2A000AEB4C /* AddOrderItemViewController.swift */; };
		316B47F4275F216A000AEB4C /* Order.swift in Sources */ = {isa = PBXBuildFile; fileRef = 316B47F3275F216A000AEB4C /* Order.swift */; };
		316B47F6275F21EC000AEB4C /* OrderList.swift in Sources */ = {isa = PBXBuildFile; fileRef = 316B47F5275F21EC000AEB4C /* OrderList.swift */; };
		318A3DEF274B58BA00530F42 /* AppDelegate.swift in Sources */ = {isa = PBXBuildFile; fileRef = 318A3DEE274B58BA00530F42 /* AppDelegate.swift */; };
		318A3DF1274B58BA00530F42 /* SceneDelegate.swift in Sources */ = {isa = PBXBuildFile; fileRef = 318A3DF0274B58BA00530F42 /* SceneDelegate.swift */; };
		318A3DF3274B58BA00530F42 /* ViewController.swift in Sources */ = {isa = PBXBuildFile; fileRef = 318A3DF2274B58BA00530F42 /* ViewController.swift */; };
		318A3DF6274B58BA00530F42 /* Main.storyboard in Resources */ = {isa = PBXBuildFile; fileRef = 318A3DF4274B58BA00530F42 /* Main.storyboard */; };
		318A3DF8274B58BB00530F42 /* Assets.xcassets in Resources */ = {isa = PBXBuildFile; fileRef = 318A3DF7274B58BB00530F42 /* Assets.xcassets */; };
		318A3DFB274B58BB00530F42 /* LaunchScreen.storyboard in Resources */ = {isa = PBXBuildFile; fileRef = 318A3DF9274B58BB00530F42 /* LaunchScreen.storyboard */; };
		31E4DB03276AD8A7003905D9 /* CartTableViewController.swift in Sources */ = {isa = PBXBuildFile; fileRef = 31E4DB02276AD8A7003905D9 /* CartTableViewController.swift */; };
		31E4DB05276AF9BF003905D9 /* PrevOrder.swift in Sources */ = {isa = PBXBuildFile; fileRef = 31E4DB04276AF9BF003905D9 /* PrevOrder.swift */; };
		31E4DB07276AF9D3003905D9 /* PrevOrderList.swift in Sources */ = {isa = PBXBuildFile; fileRef = 31E4DB06276AF9D3003905D9 /* PrevOrderList.swift */; };
		31E4DB09276B0578003905D9 /* PrevOrderTableViewController.swift in Sources */ = {isa = PBXBuildFile; fileRef = 31E4DB08276B0578003905D9 /* PrevOrderTableViewController.swift */; };
/* End PBXBuildFile section */

/* Begin PBXFileReference section */
		316B47EB275EF348000AEB4C /* Item.swift */ = {isa = PBXFileReference; lastKnownFileType = sourcecode.swift; path = Item.swift; sourceTree = "<group>"; };
		316B47ED275EF45A000AEB4C /* ItemList.swift */ = {isa = PBXFileReference; lastKnownFileType = sourcecode.swift; path = ItemList.swift; sourceTree = "<group>"; };
		316B47EF275EFA03000AEB4C /* AddItemTableViewController.swift */ = {isa = PBXFileReference; lastKnownFileType = sourcecode.swift; path = AddItemTableViewController.swift; sourceTree = "<group>"; };
		316B47F1275F0B2A000AEB4C /* AddOrderItemViewController.swift */ = {isa = PBXFileReference; lastKnownFileType = sourcecode.swift; path = AddOrderItemViewController.swift; sourceTree = "<group>"; };
		316B47F3275F216A000AEB4C /* Order.swift */ = {isa = PBXFileReference; lastKnownFileType = sourcecode.swift; path = Order.swift; sourceTree = "<group>"; };
		316B47F5275F21EC000AEB4C /* OrderList.swift */ = {isa = PBXFileReference; lastKnownFileType = sourcecode.swift; path = OrderList.swift; sourceTree = "<group>"; };
		318A3DEB274B58BA00530F42 /* AllYouCanEatApp.app */ = {isa = PBXFileReference; explicitFileType = wrapper.application; includeInIndex = 0; path = AllYouCanEatApp.app; sourceTree = BUILT_PRODUCTS_DIR; };
		318A3DEE274B58BA00530F42 /* AppDelegate.swift */ = {isa = PBXFileReference; lastKnownFileType = sourcecode.swift; path = AppDelegate.swift; sourceTree = "<group>"; };
		318A3DF0274B58BA00530F42 /* SceneDelegate.swift */ = {isa = PBXFileReference; lastKnownFileType = sourcecode.swift; path = SceneDelegate.swift; sourceTree = "<group>"; };
		318A3DF2274B58BA00530F42 /* ViewController.swift */ = {isa = PBXFileReference; lastKnownFileType = sourcecode.swift; path = ViewController.swift; sourceTree = "<group>"; };
		318A3DF5274B58BA00530F42 /* Base */ = {isa = PBXFileReference; lastKnownFileType = file.storyboard; name = Base; path = Base.lproj/Main.storyboard; sourceTree = "<group>"; };
		318A3DF7274B58BB00530F42 /* Assets.xcassets */ = {isa = PBXFileReference; lastKnownFileType = folder.assetcatalog; path = Assets.xcassets; sourceTree = "<group>"; };
		318A3DFA274B58BB00530F42 /* Base */ = {isa = PBXFileReference; lastKnownFileType = file.storyboard; name = Base; path = Base.lproj/LaunchScreen.storyboard; sourceTree = "<group>"; };
		318A3DFC274B58BB00530F42 /* Info.plist */ = {isa = PBXFileReference; lastKnownFileType = text.plist.xml; path = Info.plist; sourceTree = "<group>"; };
		31E4DB02276AD8A7003905D9 /* CartTableViewController.swift */ = {isa = PBXFileReference; lastKnownFileType = sourcecode.swift; path = CartTableViewController.swift; sourceTree = "<group>"; };
		31E4DB04276AF9BF003905D9 /* PrevOrder.swift */ = {isa = PBXFileReference; lastKnownFileType = sourcecode.swift; path = PrevOrder.swift; sourceTree = "<group>"; };
		31E4DB06276AF9D3003905D9 /* PrevOrderList.swift */ = {isa = PBXFileReference; lastKnownFileType = sourcecode.swift; path = PrevOrderList.swift; sourceTree = "<group>"; };
		31E4DB08276B0578003905D9 /* PrevOrderTableViewController.swift */ = {isa = PBXFileReference; lastKnownFileType = sourcecode.swift; path = PrevOrderTableViewController.swift; sourceTree = "<group>"; };
/* End PBXFileReference section */

/* Begin PBXFrameworksBuildPhase section */
		318A3DE8274B58BA00530F42 /* Frameworks */ = {
			isa = PBXFrameworksBuildPhase;
			buildActionMask = 2147483647;
			files = (
			);
			runOnlyForDeploymentPostprocessing = 0;
		};
/* End PBXFrameworksBuildPhase section */

/* Begin PBXGroup section */
		318A3DE2274B58BA00530F42 = {
			isa = PBXGroup;
			children = (
				318A3DED274B58BA00530F42 /* AllYouCanEatApp */,
				318A3DEC274B58BA00530F42 /* Products */,
			);
			sourceTree = "<group>";
		};
		318A3DEC274B58BA00530F42 /* Products */ = {
			isa = PBXGroup;
			children = (
				318A3DEB274B58BA00530F42 /* AllYouCanEatApp.app */,
			);
			name = Products;
			sourceTree = "<group>";
		};
		318A3DED274B58BA00530F42 /* AllYouCanEatApp */ = {
			isa = PBXGroup;
			children = (
				318A3DEE274B58BA00530F42 /* AppDelegate.swift */,
				318A3DF0274B58BA00530F42 /* SceneDelegate.swift */,
				318A3DF2274B58BA00530F42 /* ViewController.swift */,
				316B47EF275EFA03000AEB4C /* AddItemTableViewController.swift */,
				316B47F1275F0B2A000AEB4C /* AddOrderItemViewController.swift */,
				31E4DB02276AD8A7003905D9 /* CartTableViewController.swift */,
				31E4DB08276B0578003905D9 /* PrevOrderTableViewController.swift */,
				318A3DF4274B58BA00530F42 /* Main.storyboard */,
				318A3DF7274B58BB00530F42 /* Assets.xcassets */,
				318A3DF9274B58BB00530F42 /* LaunchScreen.storyboard */,
				318A3DFC274B58BB00530F42 /* Info.plist */,
				316B47EB275EF348000AEB4C /* Item.swift */,
				316B47ED275EF45A000AEB4C /* ItemList.swift */,
				316B47F3275F216A000AEB4C /* Order.swift */,
				316B47F5275F21EC000AEB4C /* OrderList.swift */,
				31E4DB04276AF9BF003905D9 /* PrevOrder.swift */,
				31E4DB06276AF9D3003905D9 /* PrevOrderList.swift */,
			);
			path = AllYouCanEatApp;
			sourceTree = "<group>";
		};
/* End PBXGroup section */

/* Begin PBXNativeTarget section */
		318A3DEA274B58BA00530F42 /* AllYouCanEatApp */ = {
			isa = PBXNativeTarget;
			buildConfigurationList = 318A3DFF274B58BB00530F42 /* Build configuration list for PBXNativeTarget "AllYouCanEatApp" */;
			buildPhases = (
				318A3DE7274B58BA00530F42 /* Sources */,
				318A3DE8274B58BA00530F42 /* Frameworks */,
				318A3DE9274B58BA00530F42 /* Resources */,
			);
			buildRules = (
			);
			dependencies = (
			);
			name = AllYouCanEatApp;
			productName = AllYouCanEatApp;
			productReference = 318A3DEB274B58BA00530F42 /* AllYouCanEatApp.app */;
			productType = "com.apple.product-type.application";
		};
/* End PBXNativeTarget section */

/* Begin PBXProject section */
		318A3DE3274B58BA00530F42 /* Project object */ = {
			isa = PBXProject;
			attributes = {
				BuildIndependentTargetsInParallel = 1;
				LastSwiftUpdateCheck = 1310;
				LastUpgradeCheck = 1310;
				TargetAttributes = {
					318A3DEA274B58BA00530F42 = {
						CreatedOnToolsVersion = 13.1;
					};
				};
			};
			buildConfigurationList = 318A3DE6274B58BA00530F42 /* Build configuration list for PBXProject "AllYouCanEatApp" */;
			compatibilityVersion = "Xcode 13.0";
			developmentRegion = en;
			hasScannedForEncodings = 0;
			knownRegions = (
				en,
				Base,
			);
			mainGroup = 318A3DE2274B58BA00530F42;
			productRefGroup = 318A3DEC274B58BA00530F42 /* Products */;
			projectDirPath = "";
			projectRoot = "";
			targets = (
				318A3DEA274B58BA00530F42 /* AllYouCanEatApp */,
			);
		};
/* End PBXProject section */

/* Begin PBXResourcesBuildPhase section */
		318A3DE9274B58BA00530F42 /* Resources */ = {
			isa = PBXResourcesBuildPhase;
			buildActionMask = 2147483647;
			files = (
				318A3DFB274B58BB00530F42 /* LaunchScreen.storyboard in Resources */,
				318A3DF8274B58BB00530F42 /* Assets.xcassets in Resources */,
				318A3DF6274B58BA00530F42 /* Main.storyboard in Resources */,
			);
			runOnlyForDeploymentPostprocessing = 0;
		};
/* End PBXResourcesBuildPhase section */

/* Begin PBXSourcesBuildPhase section */
		318A3DE7274B58BA00530F42 /* Sources */ = {
			isa = PBXSourcesBuildPhase;
			buildActionMask = 2147483647;
			files = (
				316B47F2275F0B2A000AEB4C /* AddOrderItemViewController.swift in Sources */,
				31E4DB09276B0578003905D9 /* PrevOrderTableViewController.swift in Sources */,
				316B47EC275EF348000AEB4C /* Item.swift in Sources */,
				316B47F6275F21EC000AEB4C /* OrderList.swift in Sources */,
				31E4DB03276AD8A7003905D9 /* CartTableViewController.swift in Sources */,
				316B47F4275F216A000AEB4C /* Order.swift in Sources */,
				316B47EE275EF45A000AEB4C /* ItemList.swift in Sources */,
				316B47F0275EFA03000AEB4C /* AddItemTableViewController.swift in Sources */,
				31E4DB07276AF9D3003905D9 /* PrevOrderList.swift in Sources */,
				318A3DF3274B58BA00530F42 /* ViewController.swift in Sources */,
				31E4DB05276AF9BF003905D9 /* PrevOrder.swift in Sources */,
				318A3DEF274B58BA00530F42 /* AppDelegate.swift in Sources */,
				318A3DF1274B58BA00530F42 /* SceneDelegate.swift in Sources */,
			);
			runOnlyForDeploymentPostprocessing = 0;
		};
/* End PBXSourcesBuildPhase section */

/* Begin PBXVariantGroup section */
		318A3DF4274B58BA00530F42 /* Main.storyboard */ = {
			isa = PBXVariantGroup;
			children = (
				318A3DF5274B58BA00530F42 /* Base */,
			);
			name = Main.storyboard;
			sourceTree = "<group>";
		};
		318A3DF9274B58BB00530F42 /* LaunchScreen.storyboard */ = {
			isa = PBXVariantGroup;
			children = (
				318A3DFA274B58BB00530F42 /* Base */,
			);
			name = LaunchScreen.storyboard;
			sourceTree = "<group>";
		};
/* End PBXVariantGroup section */

/* Begin XCBuildConfiguration section */
		318A3DFD274B58BB00530F42 /* Debug */ = {
			isa = XCBuildConfiguration;
			buildSettings = {
				ALWAYS_SEARCH_USER_PATHS = NO;
				CLANG_ANALYZER_NONNULL = YES;
				CLANG_ANALYZER_NUMBER_OBJECT_CONVERSION = YES_AGGRESSIVE;
				CLANG_CXX_LANGUAGE_STANDARD = "gnu++17";
				CLANG_CXX_LIBRARY = "libc++";
				CLANG_ENABLE_MODULES = YES;
				CLANG_ENABLE_OBJC_ARC = YES;
				CLANG_ENABLE_OBJC_WEAK = YES;
				CLANG_WARN_BLOCK_CAPTURE_AUTORELEASING = YES;
				CLANG_WARN_BOOL_CONVERSION = YES;
				CLANG_WARN_COMMA = YES;
				CLANG_WARN_CONSTANT_CONVERSION = YES;
				CLANG_WARN_DEPRECATED_OBJC_IMPLEMENTATIONS = YES;
				CLANG_WARN_DIRECT_OBJC_ISA_USAGE = YES_ERROR;
				CLANG_WARN_DOCUMENTATION_COMMENTS = YES;
				CLANG_WARN_EMPTY_BODY = YES;
				CLANG_WARN_ENUM_CONVERSION = YES;
				CLANG_WARN_INFINITE_RECURSION = YES;
				CLANG_WARN_INT_CONVERSION = YES;
				CLANG_WARN_NON_LITERAL_NULL_CONVERSION = YES;
				CLANG_WARN_OBJC_IMPLICIT_RETAIN_SELF = YES;
				CLANG_WARN_OBJC_LITERAL_CONVERSION = YES;
				CLANG_WARN_OBJC_ROOT_CLASS = YES_ERROR;
				CLANG_WARN_QUOTED_INCLUDE_IN_FRAMEWORK_HEADER = YES;
				CLANG_WARN_RANGE_LOOP_ANALYSIS = YES;
				CLANG_WARN_STRICT_PROTOTYPES = YES;
				CLANG_WARN_SUSPICIOUS_MOVE = YES;
				CLANG_WARN_UNGUARDED_AVAILABILITY = YES_AGGRESSIVE;
				CLANG_WARN_UNREACHABLE_CODE = YES;
				CLANG_WARN__DUPLICATE_METHOD_MATCH = YES;
				COPY_PHASE_STRIP = NO;
				DEBUG_INFORMATION_FORMAT = dwarf;
				ENABLE_STRICT_OBJC_MSGSEND = YES;
				ENABLE_TESTABILITY = YES;
				GCC_C_LANGUAGE_STANDARD = gnu11;
				GCC_DYNAMIC_NO_PIC = NO;
				GCC_NO_COMMON_BLOCKS = YES;
				GCC_OPTIMIZATION_LEVEL = 0;
				GCC_PREPROCESSOR_DEFINITIONS = (
					"DEBUG=1",
					"$(inherited)",
				);
				GCC_WARN_64_TO_32_BIT_CONVERSION = YES;
				GCC_WARN_ABOUT_RETURN_TYPE = YES_ERROR;
				GCC_WARN_UNDECLARED_SELECTOR = YES;
				GCC_WARN_UNINITIALIZED_AUTOS = YES_AGGRESSIVE;
				GCC_WARN_UNUSED_FUNCTION = YES;
				GCC_WARN_UNUSED_VARIABLE = YES;
				IPHONEOS_DEPLOYMENT_TARGET = 15.0;
				MTL_ENABLE_DEBUG_INFO = INCLUDE_SOURCE;
				MTL_FAST_MATH = YES;
				ONLY_ACTIVE_ARCH = YES;
				SDKROOT = iphoneos;
				SWIFT_ACTIVE_COMPILATION_CONDITIONS = DEBUG;
				SWIFT_OPTIMIZATION_LEVEL = "-Onone";
			};
			name = Debug;
		};
		318A3DFE274B58BB00530F42 /* Release */ = {
			isa = XCBuildConfiguration;
			buildSettings = {
				ALWAYS_SEARCH_USER_PATHS = NO;
				CLANG_ANALYZER_NONNULL = YES;
				CLANG_ANALYZER_NUMBER_OBJECT_CONVERSION = YES_AGGRESSIVE;
				CLANG_CXX_LANGUAGE_STANDARD = "gnu++17";
				CLANG_CXX_LIBRARY = "libc++";
				CLANG_ENABLE_MODULES = YES;
				CLANG_ENABLE_OBJC_ARC = YES;
				CLANG_ENABLE_OBJC_WEAK = YES;
				CLANG_WARN_BLOCK_CAPTURE_AUTORELEASING = YES;
				CLANG_WARN_BOOL_CONVERSION = YES;
				CLANG_WARN_COMMA = YES;
				CLANG_WARN_CONSTANT_CONVERSION = YES;
				CLANG_WARN_DEPRECATED_OBJC_IMPLEMENTATIONS = YES;
				CLANG_WARN_DIRECT_OBJC_ISA_USAGE = YES_ERROR;
				CLANG_WARN_DOCUMENTATION_COMMENTS = YES;
				CLANG_WARN_EMPTY_BODY = YES;
				CLANG_WARN_ENUM_CONVERSION = YES;
				CLANG_WARN_INFINITE_RECURSION = YES;
				CLANG_WARN_INT_CONVERSION = YES;
				CLANG_WARN_NON_LITERAL_NULL_CONVERSION = YES;
				CLANG_WARN_OBJC_IMPLICIT_RETAIN_SELF = YES;
				CLANG_WARN_OBJC_LITERAL_CONVERSION = YES;
				CLANG_WARN_OBJC_ROOT_CLASS = YES_ERROR;
				CLANG_WARN_QUOTED_INCLUDE_IN_FRAMEWORK_HEADER = YES;
				CLANG_WARN_RANGE_LOOP_ANALYSIS = YES;
				CLANG_WARN_STRICT_PROTOTYPES = YES;
				CLANG_WARN_SUSPICIOUS_MOVE = YES;
				CLANG_WARN_UNGUARDED_AVAILABILITY = YES_AGGRESSIVE;
				CLANG_WARN_UNREACHABLE_CODE = YES;
				CLANG_WARN__DUPLICATE_METHOD_MATCH = YES;
				COPY_PHASE_STRIP = NO;
				DEBUG_INFORMATION_FORMAT = "dwarf-with-dsym";
				ENABLE_NS_ASSERTIONS = NO;
				ENABLE_STRICT_OBJC_MSGSEND = YES;
				GCC_C_LANGUAGE_STANDARD = gnu11;
				GCC_NO_COMMON_BLOCKS = YES;
				GCC_WARN_64_TO_32_BIT_CONVERSION = YES;
				GCC_WARN_ABOUT_RETURN_TYPE = YES_ERROR;
				GCC_WARN_UNDECLARED_SELECTOR = YES;
				GCC_WARN_UNINITIALIZED_AUTOS = YES_AGGRESSIVE;
				GCC_WARN_UNUSED_FUNCTION = YES;
				GCC_WARN_UNUSED_VARIABLE = YES;
				IPHONEOS_DEPLOYMENT_TARGET = 15.0;
				MTL_ENABLE_DEBUG_INFO = NO;
				MTL_FAST_MATH = YES;
				SDKROOT = iphoneos;
				SWIFT_COMPILATION_MODE = wholemodule;
				SWIFT_OPTIMIZATION_LEVEL = "-O";
				VALIDATE_PRODUCT = YES;
			};
			name = Release;
		};
		318A3E00274B58BB00530F42 /* Debug */ = {
			isa = XCBuildConfiguration;
			buildSettings = {
				ASSETCATALOG_COMPILER_APPICON_NAME = AppIcon;
				ASSETCATALOG_COMPILER_GLOBAL_ACCENT_COLOR_NAME = AccentColor;
				CODE_SIGN_STYLE = Automatic;
				CURRENT_PROJECT_VERSION = 1;
				DEVELOPMENT_TEAM = DYBK82Z627;
				GENERATE_INFOPLIST_FILE = YES;
				INFOPLIST_FILE = AllYouCanEatApp/Info.plist;
				INFOPLIST_KEY_UIApplicationSupportsIndirectInputEvents = YES;
				INFOPLIST_KEY_UILaunchStoryboardName = LaunchScreen;
				INFOPLIST_KEY_UIMainStoryboardFile = Main;
				INFOPLIST_KEY_UISupportedInterfaceOrientations_iPad = "UIInterfaceOrientationPortrait UIInterfaceOrientationPortraitUpsideDown UIInterfaceOrientationLandscapeLeft UIInterfaceOrientationLandscapeRight";
				INFOPLIST_KEY_UISupportedInterfaceOrientations_iPhone = "UIInterfaceOrientationPortrait UIInterfaceOrientationLandscapeLeft UIInterfaceOrientationLandscapeRight";
				LD_RUNPATH_SEARCH_PATHS = (
					"$(inherited)",
					"@executable_path/Frameworks",
				);
				MARKETING_VERSION = 1.0;
				PRODUCT_BUNDLE_IDENTIFIER = srj9987.AllYouCanEatApp;
				PRODUCT_NAME = "$(TARGET_NAME)";
				SWIFT_EMIT_LOC_STRINGS = YES;
				SWIFT_VERSION = 5.0;
				TARGETED_DEVICE_FAMILY = "1,2";
			};
			name = Debug;
		};
		318A3E01274B58BB00530F42 /* Release */ = {
			isa = XCBuildConfiguration;
			buildSettings = {
				ASSETCATALOG_COMPILER_APPICON_NAME = AppIcon;
				ASSETCATALOG_COMPILER_GLOBAL_ACCENT_COLOR_NAME = AccentColor;
				CODE_SIGN_STYLE = Automatic;
				CURRENT_PROJECT_VERSION = 1;
				DEVELOPMENT_TEAM = DYBK82Z627;
				GENERATE_INFOPLIST_FILE = YES;
				INFOPLIST_FILE = AllYouCanEatApp/Info.plist;
				INFOPLIST_KEY_UIApplicationSupportsIndirectInputEvents = YES;
				INFOPLIST_KEY_UILaunchStoryboardName = LaunchScreen;
				INFOPLIST_KEY_UIMainStoryboardFile = Main;
				INFOPLIST_KEY_UISupportedInterfaceOrientations_iPad = "UIInterfaceOrientationPortrait UIInterfaceOrientationPortraitUpsideDown UIInterfaceOrientationLandscapeLeft UIInterfaceOrientationLandscapeRight";
				INFOPLIST_KEY_UISupportedInterfaceOrientations_iPhone = "UIInterfaceOrientationPortrait UIInterfaceOrientationLandscapeLeft UIInterfaceOrientationLandscapeRight";
				LD_RUNPATH_SEARCH_PATHS = (
					"$(inherited)",
					"@executable_path/Frameworks",
				);
				MARKETING_VERSION = 1.0;
				PRODUCT_BUNDLE_IDENTIFIER = srj9987.AllYouCanEatApp;
				PRODUCT_NAME = "$(TARGET_NAME)";
				SWIFT_EMIT_LOC_STRINGS = YES;
				SWIFT_VERSION = 5.0;
				TARGETED_DEVICE_FAMILY = "1,2";
			};
			name = Release;
		};
/* End XCBuildConfiguration section */

/* Begin XCConfigurationList section */
		318A3DE6274B58BA00530F42 /* Build configuration list for PBXProject "AllYouCanEatApp" */ = {
			isa = XCConfigurationList;
			buildConfigurations = (
				318A3DFD274B58BB00530F42 /* Debug */,
				318A3DFE274B58BB00530F42 /* Release */,
			);
			defaultConfigurationIsVisible = 0;
			defaultConfigurationName = Release;
		};
		318A3DFF274B58BB00530F42 /* Build configuration list for PBXNativeTarget "AllYouCanEatApp" */ = {
			isa = XCConfigurationList;
			buildConfigurations = (
				318A3E00274B58BB00530F42 /* Debug */,
				318A3E01274B58BB00530F42 /* Release */,
			);
			defaultConfigurationIsVisible = 0;
			defaultConfigurationName = Release;
		};
/* End XCConfigurationList section */
	};
	rootObject = 318A3DE3274B58BA00530F42 /* Project object */;
}
